
Microsoft Visual Studio Solution File, Format Version 12.00
# Visual Studio Version 16
VisualStudioVersion = 16.0.30011.22
MinimumVisualStudioVersion = 10.0.40219.1
Project("{9A19103F-16F7-4668-BE54-9A1E7A4F7556}") = "ThaniyasFarmerAppAPI", "ThaniyasFarmerAppAPI.csproj", "{456947AF-970B-400E-BB45-E4D8464DE70B}"
EndProject
Global
	GlobalSection(SolutionConfigurationPlatforms) = preSolution
		Debug|Any CPU = Debug|Any CPU
		Release|Any CPU = Release|Any CPU
	EndGlobalSection
	GlobalSection(ProjectConfigurationPlatforms) = postSolution
		{456947AF-970B-400E-BB45-E4D8464DE70B}.Debug|Any CPU.ActiveCfg = Debug|Any CPU
		{456947AF-970B-400E-BB45-E4D8464DE70B}.Debug|Any CPU.Build.0 = Debug|Any CPU
		{456947AF-970B-400E-BB45-E4D8464DE70B}.Release|Any CPU.ActiveCfg = Release|Any CPU
		{456947AF-970B-400E-BB45-E4D8464DE70B}.Release|Any CPU.Build.0 = Release|Any CPU
	EndGlobalSection
	GlobalSection(SolutionProperties) = preSolution
		HideSolutionNode = FALSE
	EndGlobalSection
	GlobalSection(ExtensibilityGlobals) = postSolution
		SolutionGuid = {BEEA3DDE-778C-4A61-9656-9E9E81086ECE}
	EndGlobalSection
EndGlobal
